# THIS IS AN AUTOGENERATED FILE. DO NOT EDIT THIS FILE DIRECTLY.
# yarn lockfile v1


"@types/jest@^22.2.3":
  version "22.2.3"
  resolved "https://registry.yarnpkg.com/@types/jest/-/jest-22.2.3.tgz#0157c0316dc3722c43a7b71de3fdf3acbccef10d"

"@types/lodash@^3.10.1":
  version "3.10.2"
  resolved "https://registry.yarnpkg.com/@types/lodash/-/lodash-3.10.2.tgz#c1fbda1562ef5603c8192fe1fe65b017849d5873"

"@types/type-detect@^4.0.1":
  version "4.0.1"
  resolved "https://registry.yarnpkg.com/@types/type-detect/-/type-detect-4.0.1.tgz#3b0f5ac82ea630090cbf57c57a1bf5a63a29b9b6"

type-detect@^4.0.8:
  version "4.0.8"
  resolved "https://registry.yarnpkg.com/type-detect/-/type-detect-4.0.8.tgz#7646fb5f18871cfbb7749e69bd39a6388eb7450c"

typescript@^2.8.3:
  version "2.8.3"
  resolved "https://registry.yarnpkg.com/typescript/-/typescript-2.8.3.tgz#5d817f9b6f31bb871835f4edf0089f21abe6c170"
